
Microsoft Visual Studio Solution File, Format Version 12.00
# Visual Studio 15
VisualStudioVersion = 15.0.27703.2035
MinimumVisualStudioVersion = 10.0.40219.1
Project("{E24C65DC-7377-472B-9ABA-BC803B73C61A}") = "_WMSCommerce", "_WMSCommerce", "{05714FC9-6C1B-4C9D-991C-58C6EC80EC13}"
	ProjectSection(WebsiteProperties) = preProject
		SccProjectName = "SAK"
		SccAuxPath = "SAK"
		SccLocalPath = "SAK"
		SccProvider = "SAK"
		TargetFrameworkMoniker = ".NETFramework,Version%3Dv4.5"
		Debug.AspNetCompiler.VirtualPath = "/localhost_51131"
		Debug.AspNetCompiler.PhysicalPath = "_WMSCommerce\"
		Debug.AspNetCompiler.TargetPath = "PrecompiledWeb\localhost_51131\"
		Debug.AspNetCompiler.Updateable = "true"
		Debug.AspNetCompiler.ForceOverwrite = "true"
		Debug.AspNetCompiler.FixedNames = "false"
		Debug.AspNetCompiler.Debug = "True"
		Release.AspNetCompiler.VirtualPath = "/localhost_51131"
		Release.AspNetCompiler.PhysicalPath = "_WMSCommerce\"
		Release.AspNetCompiler.TargetPath = "PrecompiledWeb\localhost_51131\"
		Release.AspNetCompiler.Updateable = "true"
		Release.AspNetCompiler.ForceOverwrite = "true"
		Release.AspNetCompiler.FixedNames = "false"
		Release.AspNetCompiler.Debug = "False"
		VWDPort = "51131"
		SlnRelativePath = "_WMSCommerce\"
		DefaultWebSiteLanguage = "Visual C#"
	EndProjectSection
EndProject
Global
	GlobalSection(SolutionConfigurationPlatforms) = preSolution
		Debug|Any CPU = Debug|Any CPU
	EndGlobalSection
	GlobalSection(ProjectConfigurationPlatforms) = postSolution
		{05714FC9-6C1B-4C9D-991C-58C6EC80EC13}.Debug|Any CPU.ActiveCfg = Debug|Any CPU
		{05714FC9-6C1B-4C9D-991C-58C6EC80EC13}.Debug|Any CPU.Build.0 = Debug|Any CPU
	EndGlobalSection
	GlobalSection(SolutionProperties) = preSolution
		HideSolutionNode = FALSE
	EndGlobalSection
	GlobalSection(ExtensibilityGlobals) = postSolution
		SolutionGuid = {582B47C4-5DDF-4D46-BE28-3918584BBF2B}
	EndGlobalSection
	GlobalSection(TeamFoundationVersionControl) = preSolution
		SccNumberOfProjects = 2
		SccEnterpriseProvider = {4CA58AB2-18FA-4F8D-95D4-32DDF27D184C}
		SccTeamFoundationServer = https://herdiawanrendy.visualstudio.com/
		SccLocalPath0 = .
		SccWebProject1 = true
		SccProjectUniqueName1 = _WMSCommerce
		SccProjectName1 = _WMSCommerce
		SccLocalPath1 = _WMSCommerce
		SccProjectEnlistmentChoice1 = 2
	EndGlobalSection
EndGlobal
